<Solution>
  <Folder Name="/src/">
    <Project Path="src/CaseMesh.Api/CaseMesh.Api.csproj" />
    <Project Path="src/CaseMesh.Core/CaseMesh.Core.csproj" />
    <Project Path="src/CaseMesh.Infrastructure/CaseMesh.Infrastructure.csproj" />
    <Project Path="src/CaseMesh.Ingestion/CaseMesh.Ingestion.csproj" />
    <Project Path="src/CaseMesh.MatterBrain/CaseMesh.MatterBrain.csproj" />
    <Project Path="src/CaseMesh.Persistence.Postgres/CaseMesh.Persistence.Postgres.csproj" />
    <Project Path="src/CaseMesh.ProfessionalExport/CaseMesh.ProfessionalExport.csproj" />
    <Project Path="src/CaseMesh.Qa/CaseMesh.Qa.csproj" />
    <Project Path="src/CaseMesh.Storage/CaseMesh.Storage.csproj" />
    <Project Path="src/CaseMesh.Storage.S3/CaseMesh.Storage.S3.csproj" />
    <Project Path="src/CaseMesh.Audio.Windows/CaseMesh.Audio.Windows.csproj" />
    <Project Path="src/CaseMesh.App/CaseMesh.App.csproj" />
  </Folder>
  <Folder Name="/tests/">
    <Project Path="tests/CaseMesh.Api.Tests/CaseMesh.Api.Tests.csproj" />
    <Project Path="tests/CaseMesh.Core.Tests/CaseMesh.Core.Tests.csproj" />
    <Project Path="tests/CaseMesh.Audio.Windows.Tests/CaseMesh.Audio.Windows.Tests.csproj" />
    <Project Path="tests/CaseMesh.Infrastructure.Tests/CaseMesh.Infrastructure.Tests.csproj" />
    <Project Path="tests/CaseMesh.Ingestion.Tests/CaseMesh.Ingestion.Tests.csproj" />
    <Project Path="tests/CaseMesh.MatterBrain.Tests/CaseMesh.MatterBrain.Tests.csproj" />
    <Project Path="tests/CaseMesh.Persistence.Postgres.Tests/CaseMesh.Persistence.Postgres.Tests.csproj" />
    <Project Path="tests/CaseMesh.ProfessionalExport.Tests/CaseMesh.ProfessionalExport.Tests.csproj" />
    <Project Path="tests/CaseMesh.Qa.Tests/CaseMesh.Qa.Tests.csproj" />
    <Project Path="tests/CaseMesh.Storage.S3.Tests/CaseMesh.Storage.S3.Tests.csproj" />
  </Folder>
  <Folder Name="/tools/">
    <Project Path="tools/CaseMesh.DbMigrate/CaseMesh.DbMigrate.csproj" />
    <Project Path="tools/CaseMesh.ObjectStoreProvision/CaseMesh.ObjectStoreProvision.csproj" />
    <Project Path="tools/CaseMesh.AudioProbe/CaseMesh.AudioProbe.csproj" />
  </Folder>
</Solution>
