<Solution>
  <Folder Name="/src/">
    <Project Path="src/HRCompanion.Core/HRCompanion.Core.csproj" />
    <Project Path="src/HRCompanion.Infrastructure/HRCompanion.Infrastructure.csproj" />
    <Project Path="src/HRCompanion.Audio.Windows/HRCompanion.Audio.Windows.csproj" />
    <Project Path="src/HRCompanion.App/HRCompanion.App.csproj" />
  </Folder>
  <Folder Name="/tests/">
    <Project Path="tests/HRCompanion.Core.Tests/HRCompanion.Core.Tests.csproj" />
    <Project Path="tests/HRCompanion.Audio.Windows.Tests/HRCompanion.Audio.Windows.Tests.csproj" />
    <Project Path="tests/HRCompanion.Infrastructure.Tests/HRCompanion.Infrastructure.Tests.csproj" />
  </Folder>
  <Folder Name="/tools/">
    <Project Path="tools/HRCompanion.AudioProbe/HRCompanion.AudioProbe.csproj" />
  </Folder>
</Solution>
